
Microsoft Visual Studio Solution File, Format Version 12.00
# Visual Studio Version 17
VisualStudioVersion = 17.9.34622.214
MinimumVisualStudioVersion = 10.0.40219.1
Project("{FAE04EC0-301F-11D3-BF4B-00C04F79EFBC}") = "SecuritySystem", "SecuritySystem\SecuritySystem.csproj", "{301F0CC1-4A8B-444B-A77C-E47BF5A4C4D1}"
EndProject
Global
	GlobalSection(SolutionConfigurationPlatforms) = preSolution
		Debug|Any CPU = Debug|Any CPU
		Release|Any CPU = Release|Any CPU
	EndGlobalSection
	GlobalSection(ProjectConfigurationPlatforms) = postSolution
		{301F0CC1-4A8B-444B-A77C-E47BF5A4C4D1}.Debug|Any CPU.ActiveCfg = Debug|Any CPU
		{301F0CC1-4A8B-444B-A77C-E47BF5A4C4D1}.Debug|Any CPU.Build.0 = Debug|Any CPU
		{301F0CC1-4A8B-444B-A77C-E47BF5A4C4D1}.Release|Any CPU.ActiveCfg = Release|Any CPU
		{301F0CC1-4A8B-444B-A77C-E47BF5A4C4D1}.Release|Any CPU.Build.0 = Release|Any CPU
	EndGlobalSection
	GlobalSection(SolutionProperties) = preSolution
		HideSolutionNode = FALSE
	EndGlobalSection
	GlobalSection(ExtensibilityGlobals) = postSolution
		SolutionGuid = {9595CBD0-2F5D-45DE-840E-90BEACC8582C}
	EndGlobalSection
EndGlobal
